
Microsoft Visual Studio Solution File, Format Version 12.00
# Visual Studio 14
VisualStudioVersion = 14.0.24720.0
MinimumVisualStudioVersion = 10.0.40219.1
Project("{FAE04EC0-301F-11D3-BF4B-00C04F79EFBC}") = "Portal.Web", "Portal.Web\Portal.Web.csproj", "{CA7E6471-8411-49A7-99F7-13E7E1283259}"
EndProject
Project("{FAE04EC0-301F-11D3-BF4B-00C04F79EFBC}") = "Tenant.Web", "Tenant.Web\Tenant.Web.csproj", "{573A4D0D-066A-4F9E-B79A-8967D5C4DAD9}"
EndProject
Project("{151D2E53-A2C4-4D7D-83FE-D05416EBD58E}") = "Tenant.Deploy", "Tenant.Deploy\Tenant.Deploy.deployproj", "{57BDB4AB-93BB-4221-8572-24759F1C2465}"
EndProject
Global
	GlobalSection(SolutionConfigurationPlatforms) = preSolution
		Debug|Any CPU = Debug|Any CPU
		Release|Any CPU = Release|Any CPU
	EndGlobalSection
	GlobalSection(ProjectConfigurationPlatforms) = postSolution
		{CA7E6471-8411-49A7-99F7-13E7E1283259}.Debug|Any CPU.ActiveCfg = Debug|Any CPU
		{CA7E6471-8411-49A7-99F7-13E7E1283259}.Debug|Any CPU.Build.0 = Debug|Any CPU
		{CA7E6471-8411-49A7-99F7-13E7E1283259}.Release|Any CPU.ActiveCfg = Release|Any CPU
		{CA7E6471-8411-49A7-99F7-13E7E1283259}.Release|Any CPU.Build.0 = Release|Any CPU
		{573A4D0D-066A-4F9E-B79A-8967D5C4DAD9}.Debug|Any CPU.ActiveCfg = Debug|Any CPU
		{573A4D0D-066A-4F9E-B79A-8967D5C4DAD9}.Debug|Any CPU.Build.0 = Debug|Any CPU
		{573A4D0D-066A-4F9E-B79A-8967D5C4DAD9}.Release|Any CPU.ActiveCfg = Release|Any CPU
		{573A4D0D-066A-4F9E-B79A-8967D5C4DAD9}.Release|Any CPU.Build.0 = Release|Any CPU
		{57BDB4AB-93BB-4221-8572-24759F1C2465}.Debug|Any CPU.ActiveCfg = Debug|Any CPU
		{57BDB4AB-93BB-4221-8572-24759F1C2465}.Debug|Any CPU.Build.0 = Debug|Any CPU
		{57BDB4AB-93BB-4221-8572-24759F1C2465}.Release|Any CPU.ActiveCfg = Release|Any CPU
		{57BDB4AB-93BB-4221-8572-24759F1C2465}.Release|Any CPU.Build.0 = Release|Any CPU
	EndGlobalSection
	GlobalSection(SolutionProperties) = preSolution
		HideSolutionNode = FALSE
	EndGlobalSection
EndGlobal
